
Microsoft Visual Studio Solution File, Format Version 12.00
# Visual Studio Version 17
VisualStudioVersion = 17.7.34221.43
MinimumVisualStudioVersion = 10.0.40219.1
Project("{FAE04EC0-301F-11D3-BF4B-00C04F79EFBC}") = "TddCalc", "TddCalc\TddCalc.csproj", "{A5AA9F30-8F3A-4353-B2E0-64B7BB53E397}"
EndProject
Project("{FAE04EC0-301F-11D3-BF4B-00C04F79EFBC}") = "TddCalcTest", "TddCalcTest\TddCalcTest.csproj", "{8EB6C35B-0593-462F-9AAF-597B90B98987}"
EndProject
Global
	GlobalSection(SolutionConfigurationPlatforms) = preSolution
		Debug|Any CPU = Debug|Any CPU
		Release|Any CPU = Release|Any CPU
	EndGlobalSection
	GlobalSection(ProjectConfigurationPlatforms) = postSolution
		{A5AA9F30-8F3A-4353-B2E0-64B7BB53E397}.Debug|Any CPU.ActiveCfg = Debug|Any CPU
		{A5AA9F30-8F3A-4353-B2E0-64B7BB53E397}.Debug|Any CPU.Build.0 = Debug|Any CPU
		{A5AA9F30-8F3A-4353-B2E0-64B7BB53E397}.Release|Any CPU.ActiveCfg = Release|Any CPU
		{A5AA9F30-8F3A-4353-B2E0-64B7BB53E397}.Release|Any CPU.Build.0 = Release|Any CPU
		{8EB6C35B-0593-462F-9AAF-597B90B98987}.Debug|Any CPU.ActiveCfg = Debug|Any CPU
		{8EB6C35B-0593-462F-9AAF-597B90B98987}.Debug|Any CPU.Build.0 = Debug|Any CPU
		{8EB6C35B-0593-462F-9AAF-597B90B98987}.Release|Any CPU.ActiveCfg = Release|Any CPU
		{8EB6C35B-0593-462F-9AAF-597B90B98987}.Release|Any CPU.Build.0 = Release|Any CPU
	EndGlobalSection
	GlobalSection(SolutionProperties) = preSolution
		HideSolutionNode = FALSE
	EndGlobalSection
	GlobalSection(ExtensibilityGlobals) = postSolution
		SolutionGuid = {C9E4D3DF-56C1-4410-B5F6-58DA02B13682}
	EndGlobalSection
EndGlobal
